
Microsoft Visual Studio Solution File, Format Version 12.00
# Visual Studio Version 17
VisualStudioVersion = 17.1.32210.238
MinimumVisualStudioVersion = 10.0.40219.1
Project("{9A19103F-16F7-4668-BE54-9A1E7A4F7556}") = "PizzaApp", "PizzaApp\PizzaApp.csproj", "{74B0B582-7C90-4633-A62E-2C134D7E4562}"
EndProject
Global
	GlobalSection(SolutionConfigurationPlatforms) = preSolution
		Debug|Any CPU = Debug|Any CPU
		Release|Any CPU = Release|Any CPU
	EndGlobalSection
	GlobalSection(ProjectConfigurationPlatforms) = postSolution
		{74B0B582-7C90-4633-A62E-2C134D7E4562}.Debug|Any CPU.ActiveCfg = Debug|Any CPU
		{74B0B582-7C90-4633-A62E-2C134D7E4562}.Debug|Any CPU.Build.0 = Debug|Any CPU
		{74B0B582-7C90-4633-A62E-2C134D7E4562}.Release|Any CPU.ActiveCfg = Release|Any CPU
		{74B0B582-7C90-4633-A62E-2C134D7E4562}.Release|Any CPU.Build.0 = Release|Any CPU
	EndGlobalSection
	GlobalSection(SolutionProperties) = preSolution
		HideSolutionNode = FALSE
	EndGlobalSection
	GlobalSection(ExtensibilityGlobals) = postSolution
		SolutionGuid = {1BEEE15C-3D54-46B5-B91A-ED9810DB8574}
	EndGlobalSection
EndGlobal
